
Microsoft Visual Studio Solution File, Format Version 12.00
# Visual Studio 15
VisualStudioVersion = 15.0.28307.136
MinimumVisualStudioVersion = 10.0.40219.1
Project("{FAE04EC0-301F-11D3-BF4B-00C04F79EFBC}") = "Scraper.LightShot", "Scraper.LightShot\Scraper.LightShot.csproj", "{9394120D-C782-45F5-8E48-94A61829A379}"
EndProject
Global
	GlobalSection(SolutionConfigurationPlatforms) = preSolution
		Debug|Any CPU = Debug|Any CPU
		Release|Any CPU = Release|Any CPU
	EndGlobalSection
	GlobalSection(ProjectConfigurationPlatforms) = postSolution
		{9394120D-C782-45F5-8E48-94A61829A379}.Debug|Any CPU.ActiveCfg = Debug|Any CPU
		{9394120D-C782-45F5-8E48-94A61829A379}.Debug|Any CPU.Build.0 = Debug|Any CPU
		{9394120D-C782-45F5-8E48-94A61829A379}.Release|Any CPU.ActiveCfg = Release|Any CPU
		{9394120D-C782-45F5-8E48-94A61829A379}.Release|Any CPU.Build.0 = Release|Any CPU
	EndGlobalSection
	GlobalSection(SolutionProperties) = preSolution
		HideSolutionNode = FALSE
	EndGlobalSection
	GlobalSection(ExtensibilityGlobals) = postSolution
		SolutionGuid = {A876F620-8B21-4B7C-BB67-EBBEA3A35FD7}
	EndGlobalSection
EndGlobal
